schema: '2.0'
stages:
  process:
    cmd: python src/process.py
    deps:
    - path: data/iris.csv
      hash: md5
      md5: 341a3b5244f213282b7b0920b729c592
      size: 3975
    - path: src/process.py
      hash: md5
      md5: f9fa700f3f41c38060b4ed3f9c273eda
      size: 1230
    params:
      params.yaml:
        data_source: data/iris.csv
        processed_data_source: data/processed/processed_iris.csv
    outs:
    - path: data/processed
      hash: md5
      md5: 9b918232e582a0c254845c5f667365d2.dir
      size: 2816
      nfiles: 2
  training:
    cmd: python src/training.py
    deps:
    - path: data/processed/processed_iris.csv
      hash: md5
      md5: 99cca3b964b15b3ead4a0c26733a3de5
      size: 2488
    - path: src/process.py
      hash: md5
      md5: f9fa700f3f41c38060b4ed3f9c273eda
      size: 1230
    params:
      params.yaml:
        model_path: model/model.pkl
        n_estimators: 100
        processed_data_source: data/processed/processed_iris.csv
        random_state: 42
    outs:
    - path: model/model.pkl
      hash: md5
      md5: 4a4a5c66c5dc05fd55bc6698b549e2f3
      size: 160103
